
Microsoft Visual Studio Solution File, Format Version 12.00
# Visual Studio 15
VisualStudioVersion = 15.0.28307.106
MinimumVisualStudioVersion = 10.0.40219.1
Project("{8BC9CEB8-8B4A-11D0-8D11-00A0C91BC942}") = "Project", "Project\Project.vcxproj", "{A16CE3B2-C4B0-4B64-BB65-D22C5DF8C059}"
EndProject
Project("{8BC9CEB8-8B4A-11D0-8D11-00A0C91BC942}") = "Project1", "Project1\Project1.vcxproj", "{9B129645-6A75-41F2-94E7-99374EDCE246}"
EndProject
Project("{8BC9CEB8-8B4A-11D0-8D11-00A0C91BC942}") = "Project2", "Project2\Project2.vcxproj", "{6D252190-7D2D-426A-B829-7D2A2625AC68}"
EndProject
Project("{8BC9CEB8-8B4A-11D0-8D11-00A0C91BC942}") = "Project3", "Project3\Project3.vcxproj", "{8CF87BA4-77AE-4CB0-A2B0-0A80C1CF3D61}"
EndProject
Global
	GlobalSection(SolutionConfigurationPlatforms) = preSolution
		Debug|x64 = Debug|x64
		Debug|x86 = Debug|x86
		Release|x64 = Release|x64
		Release|x86 = Release|x86
	EndGlobalSection
	GlobalSection(ProjectConfigurationPlatforms) = postSolution
		{A16CE3B2-C4B0-4B64-BB65-D22C5DF8C059}.Debug|x64.ActiveCfg = Debug|x64
		{A16CE3B2-C4B0-4B64-BB65-D22C5DF8C059}.Debug|x64.Build.0 = Debug|x64
		{A16CE3B2-C4B0-4B64-BB65-D22C5DF8C059}.Debug|x86.ActiveCfg = Debug|Win32
		{A16CE3B2-C4B0-4B64-BB65-D22C5DF8C059}.Debug|x86.Build.0 = Debug|Win32
		{A16CE3B2-C4B0-4B64-BB65-D22C5DF8C059}.Release|x64.ActiveCfg = Release|x64
		{A16CE3B2-C4B0-4B64-BB65-D22C5DF8C059}.Release|x64.Build.0 = Release|x64
		{A16CE3B2-C4B0-4B64-BB65-D22C5DF8C059}.Release|x86.ActiveCfg = Release|Win32
		{A16CE3B2-C4B0-4B64-BB65-D22C5DF8C059}.Release|x86.Build.0 = Release|Win32
		{9B129645-6A75-41F2-94E7-99374EDCE246}.Debug|x64.ActiveCfg = Debug|x64
		{9B129645-6A75-41F2-94E7-99374EDCE246}.Debug|x64.Build.0 = Debug|x64
		{9B129645-6A75-41F2-94E7-99374EDCE246}.Debug|x86.ActiveCfg = Debug|Win32
		{9B129645-6A75-41F2-94E7-99374EDCE246}.Debug|x86.Build.0 = Debug|Win32
		{9B129645-6A75-41F2-94E7-99374EDCE246}.Release|x64.ActiveCfg = Release|x64
		{9B129645-6A75-41F2-94E7-99374EDCE246}.Release|x64.Build.0 = Release|x64
		{9B129645-6A75-41F2-94E7-99374EDCE246}.Release|x86.ActiveCfg = Release|Win32
		{9B129645-6A75-41F2-94E7-99374EDCE246}.Release|x86.Build.0 = Release|Win32
		{6D252190-7D2D-426A-B829-7D2A2625AC68}.Debug|x64.ActiveCfg = Debug|x64
		{6D252190-7D2D-426A-B829-7D2A2625AC68}.Debug|x64.Build.0 = Debug|x64
		{6D252190-7D2D-426A-B829-7D2A2625AC68}.Debug|x86.ActiveCfg = Debug|Win32
		{6D252190-7D2D-426A-B829-7D2A2625AC68}.Debug|x86.Build.0 = Debug|Win32
		{6D252190-7D2D-426A-B829-7D2A2625AC68}.Release|x64.ActiveCfg = Release|x64
		{6D252190-7D2D-426A-B829-7D2A2625AC68}.Release|x64.Build.0 = Release|x64
		{6D252190-7D2D-426A-B829-7D2A2625AC68}.Release|x86.ActiveCfg = Release|Win32
		{6D252190-7D2D-426A-B829-7D2A2625AC68}.Release|x86.Build.0 = Release|Win32
		{8CF87BA4-77AE-4CB0-A2B0-0A80C1CF3D61}.Debug|x64.ActiveCfg = Debug|x64
		{8CF87BA4-77AE-4CB0-A2B0-0A80C1CF3D61}.Debug|x64.Build.0 = Debug|x64
		{8CF87BA4-77AE-4CB0-A2B0-0A80C1CF3D61}.Debug|x86.ActiveCfg = Debug|Win32
		{8CF87BA4-77AE-4CB0-A2B0-0A80C1CF3D61}.Debug|x86.Build.0 = Debug|Win32
		{8CF87BA4-77AE-4CB0-A2B0-0A80C1CF3D61}.Release|x64.ActiveCfg = Release|x64
		{8CF87BA4-77AE-4CB0-A2B0-0A80C1CF3D61}.Release|x64.Build.0 = Release|x64
		{8CF87BA4-77AE-4CB0-A2B0-0A80C1CF3D61}.Release|x86.ActiveCfg = Release|Win32
		{8CF87BA4-77AE-4CB0-A2B0-0A80C1CF3D61}.Release|x86.Build.0 = Release|Win32
	EndGlobalSection
	GlobalSection(SolutionProperties) = preSolution
		HideSolutionNode = FALSE
	EndGlobalSection
	GlobalSection(ExtensibilityGlobals) = postSolution
		SolutionGuid = {67D1DB64-69F2-47C0-B4B2-245A336F8D03}
	EndGlobalSection
EndGlobal
